// !$*UTF8*$!
{
	archiveVersion = 1;
	classes = {
	};
	objectVersion = 50;
	objects = {

/* Begin PBXBuildFile section */
		75480C2F271E67330076DE14 /* AppDelegate.swift in Sources */ = {isa = PBXBuildFile; fileRef = 75480C2E271E67330076DE14 /* AppDelegate.swift */; };
		75480C31271E67330076DE14 /* SceneDelegate.swift in Sources */ = {isa = PBXBuildFile; fileRef = 75480C30271E67330076DE14 /* SceneDelegate.swift */; };
		75480C33271E67330076DE14 /* ViewController.swift in Sources */ = {isa = PBXBuildFile; fileRef = 75480C32271E67330076DE14 /* ViewController.swift */; };
		75480C36271E67330076DE14 /* Main.storyboard in Resources */ = {isa = PBXBuildFile; fileRef = 75480C34271E67330076DE14 /* Main.storyboard */; };
		75480C38271E67340076DE14 /* Assets.xcassets in Resources */ = {isa = PBXBuildFile; fileRef = 75480C37271E67340076DE14 /* Assets.xcassets */; };
		75480C3B271E67340076DE14 /* LaunchScreen.storyboard in Resources */ = {isa = PBXBuildFile; fileRef = 75480C39271E67340076DE14 /* LaunchScreen.storyboard */; };
		75480C46271EA7F20076DE14 /* ServiceAPI.swift in Sources */ = {isa = PBXBuildFile; fileRef = 75480C45271EA7F20076DE14 /* ServiceAPI.swift */; };
		75480C50271EB9320076DE14 /* Pokemon.swift in Sources */ = {isa = PBXBuildFile; fileRef = 75480C4F271EB9320076DE14 /* Pokemon.swift */; };
		75480C55271EC3D20076DE14 /* ErrorMessages.swift in Sources */ = {isa = PBXBuildFile; fileRef = 75480C54271EC3D20076DE14 /* ErrorMessages.swift */; };
		75480C58271FDB8C0076DE14 /* UIKitHelper.swift in Sources */ = {isa = PBXBuildFile; fileRef = 75480C57271FDB8C0076DE14 /* UIKitHelper.swift */; };
/* End PBXBuildFile section */

/* Begin PBXFileReference section */
		75480C2B271E67330076DE14 /* AjaibPokemonProject.app */ = {isa = PBXFileReference; explicitFileType = wrapper.application; includeInIndex = 0; path = AjaibPokemonProject.app; sourceTree = BUILT_PRODUCTS_DIR; };
		75480C2E271E67330076DE14 /* AppDelegate.swift */ = {isa = PBXFileReference; lastKnownFileType = sourcecode.swift; path = AppDelegate.swift; sourceTree = "<group>"; };
		75480C30271E67330076DE14 /* SceneDelegate.swift */ = {isa = PBXFileReference; lastKnownFileType = sourcecode.swift; path = SceneDelegate.swift; sourceTree = "<group>"; };
		75480C32271E67330076DE14 /* ViewController.swift */ = {isa = PBXFileReference; lastKnownFileType = sourcecode.swift; path = ViewController.swift; sourceTree = "<group>"; };
		75480C35271E67330076DE14 /* Base */ = {isa = PBXFileReference; lastKnownFileType = file.storyboard; name = Base; path = Base.lproj/Main.storyboard; sourceTree = "<group>"; };
		75480C37271E67340076DE14 /* Assets.xcassets */ = {isa = PBXFileReference; lastKnownFileType = folder.assetcatalog; path = Assets.xcassets; sourceTree = "<group>"; };
		75480C3A271E67340076DE14 /* Base */ = {isa = PBXFileReference; lastKnownFileType = file.storyboard; name = Base; path = Base.lproj/LaunchScreen.storyboard; sourceTree = "<group>"; };
		75480C3C271E67340076DE14 /* Info.plist */ = {isa = PBXFileReference; lastKnownFileType = text.plist.xml; path = Info.plist; sourceTree = "<group>"; };
		75480C45271EA7F20076DE14 /* ServiceAPI.swift */ = {isa = PBXFileReference; lastKnownFileType = sourcecode.swift; path = ServiceAPI.swift; sourceTree = "<group>"; };
		75480C4F271EB9320076DE14 /* Pokemon.swift */ = {isa = PBXFileReference; lastKnownFileType = sourcecode.swift; path = Pokemon.swift; sourceTree = "<group>"; };
		75480C54271EC3D20076DE14 /* ErrorMessages.swift */ = {isa = PBXFileReference; lastKnownFileType = sourcecode.swift; path = ErrorMessages.swift; sourceTree = "<group>"; };
		75480C57271FDB8C0076DE14 /* UIKitHelper.swift */ = {isa = PBXFileReference; lastKnownFileType = sourcecode.swift; path = UIKitHelper.swift; sourceTree = "<group>"; };
/* End PBXFileReference section */

/* Begin PBXFrameworksBuildPhase section */
		75480C28271E67330076DE14 /* Frameworks */ = {
			isa = PBXFrameworksBuildPhase;
			buildActionMask = 2147483647;
			files = (
			);
			runOnlyForDeploymentPostprocessing = 0;
		};
/* End PBXFrameworksBuildPhase section */

/* Begin PBXGroup section */
		75480C22271E67330076DE14 = {
			isa = PBXGroup;
			children = (
				75480C2D271E67330076DE14 /* AjaibPokemonProject */,
				75480C2C271E67330076DE14 /* Products */,
			);
			sourceTree = "<group>";
		};
		75480C2C271E67330076DE14 /* Products */ = {
			isa = PBXGroup;
			children = (
				75480C2B271E67330076DE14 /* AjaibPokemonProject.app */,
			);
			name = Products;
			sourceTree = "<group>";
		};
		75480C2D271E67330076DE14 /* AjaibPokemonProject */ = {
			isa = PBXGroup;
			children = (
				75480C2E271E67330076DE14 /* AppDelegate.swift */,
				75480C57271FDB8C0076DE14 /* UIKitHelper.swift */,
				75480C49271EAC0D0076DE14 /* Model */,
				75480C44271EA7DA0076DE14 /* Service API */,
				75480C30271E67330076DE14 /* SceneDelegate.swift */,
				75480C32271E67330076DE14 /* ViewController.swift */,
				75480C34271E67330076DE14 /* Main.storyboard */,
				75480C37271E67340076DE14 /* Assets.xcassets */,
				75480C39271E67340076DE14 /* LaunchScreen.storyboard */,
				75480C3C271E67340076DE14 /* Info.plist */,
			);
			path = AjaibPokemonProject;
			sourceTree = "<group>";
		};
		75480C44271EA7DA0076DE14 /* Service API */ = {
			isa = PBXGroup;
			children = (
				75480C45271EA7F20076DE14 /* ServiceAPI.swift */,
				75480C54271EC3D20076DE14 /* ErrorMessages.swift */,
			);
			path = "Service API";
			sourceTree = "<group>";
		};
		75480C49271EAC0D0076DE14 /* Model */ = {
			isa = PBXGroup;
			children = (
				75480C4F271EB9320076DE14 /* Pokemon.swift */,
			);
			path = Model;
			sourceTree = "<group>";
		};
/* End PBXGroup section */

/* Begin PBXNativeTarget section */
		75480C2A271E67330076DE14 /* AjaibPokemonProject */ = {
			isa = PBXNativeTarget;
			buildConfigurationList = 75480C3F271E67340076DE14 /* Build configuration list for PBXNativeTarget "AjaibPokemonProject" */;
			buildPhases = (
				75480C27271E67330076DE14 /* Sources */,
				75480C28271E67330076DE14 /* Frameworks */,
				75480C29271E67330076DE14 /* Resources */,
			);
			buildRules = (
			);
			dependencies = (
			);
			name = AjaibPokemonProject;
			productName = AjaibPokemonProject;
			productReference = 75480C2B271E67330076DE14 /* AjaibPokemonProject.app */;
			productType = "com.apple.product-type.application";
		};
/* End PBXNativeTarget section */

/* Begin PBXProject section */
		75480C23271E67330076DE14 /* Project object */ = {
			isa = PBXProject;
			attributes = {
				LastSwiftUpdateCheck = 1240;
				LastUpgradeCheck = 1240;
				TargetAttributes = {
					75480C2A271E67330076DE14 = {
						CreatedOnToolsVersion = 12.4;
					};
				};
			};
			buildConfigurationList = 75480C26271E67330076DE14 /* Build configuration list for PBXProject "AjaibPokemonProject" */;
			compatibilityVersion = "Xcode 9.3";
			developmentRegion = en;
			hasScannedForEncodings = 0;
			knownRegions = (
				en,
				Base,
			);
			mainGroup = 75480C22271E67330076DE14;
			productRefGroup = 75480C2C271E67330076DE14 /* Products */;
			projectDirPath = "";
			projectRoot = "";
			targets = (
				75480C2A271E67330076DE14 /* AjaibPokemonProject */,
			);
		};
/* End PBXProject section */

/* Begin PBXResourcesBuildPhase section */
		75480C29271E67330076DE14 /* Resources */ = {
			isa = PBXResourcesBuildPhase;
			buildActionMask = 2147483647;
			files = (
				75480C3B271E67340076DE14 /* LaunchScreen.storyboard in Resources */,
				75480C38271E67340076DE14 /* Assets.xcassets in Resources */,
				75480C36271E67330076DE14 /* Main.storyboard in Resources */,
			);
			runOnlyForDeploymentPostprocessing = 0;
		};
/* End PBXResourcesBuildPhase section */

/* Begin PBXSourcesBuildPhase section */
		75480C27271E67330076DE14 /* Sources */ = {
			isa = PBXSourcesBuildPhase;
			buildActionMask = 2147483647;
			files = (
				75480C50271EB9320076DE14 /* Pokemon.swift in Sources */,
				75480C33271E67330076DE14 /* ViewController.swift in Sources */,
				75480C55271EC3D20076DE14 /* ErrorMessages.swift in Sources */,
				75480C2F271E67330076DE14 /* AppDelegate.swift in Sources */,
				75480C46271EA7F20076DE14 /* ServiceAPI.swift in Sources */,
				75480C31271E67330076DE14 /* SceneDelegate.swift in Sources */,
				75480C58271FDB8C0076DE14 /* UIKitHelper.swift in Sources */,
			);
			runOnlyForDeploymentPostprocessing = 0;
		};
/* End PBXSourcesBuildPhase section */

/* Begin PBXVariantGroup section */
		75480C34271E67330076DE14 /* Main.storyboard */ = {
			isa = PBXVariantGroup;
			children = (
				75480C35271E67330076DE14 /* Base */,
			);
			name = Main.storyboard;
			sourceTree = "<group>";
		};
		75480C39271E67340076DE14 /* LaunchScreen.storyboard */ = {
			isa = PBXVariantGroup;
			children = (
				75480C3A271E67340076DE14 /* Base */,
			);
			name = LaunchScreen.storyboard;
			sourceTree = "<group>";
		};
/* End PBXVariantGroup section */

/* Begin XCBuildConfiguration section */
		75480C3D271E67340076DE14 /* Debug */ = {
			isa = XCBuildConfiguration;
			buildSettings = {
				ALWAYS_SEARCH_USER_PATHS = NO;
				CLANG_ANALYZER_NONNULL = YES;
				CLANG_ANALYZER_NUMBER_OBJECT_CONVERSION = YES_AGGRESSIVE;
				CLANG_CXX_LANGUAGE_STANDARD = "gnu++14";
				CLANG_CXX_LIBRARY = "libc++";
				CLANG_ENABLE_MODULES = YES;
				CLANG_ENABLE_OBJC_ARC = YES;
				CLANG_ENABLE_OBJC_WEAK = YES;
				CLANG_WARN_BLOCK_CAPTURE_AUTORELEASING = YES;
				CLANG_WARN_BOOL_CONVERSION = YES;
				CLANG_WARN_COMMA = YES;
				CLANG_WARN_CONSTANT_CONVERSION = YES;
				CLANG_WARN_DEPRECATED_OBJC_IMPLEMENTATIONS = YES;
				CLANG_WARN_DIRECT_OBJC_ISA_USAGE = YES_ERROR;
				CLANG_WARN_DOCUMENTATION_COMMENTS = YES;
				CLANG_WARN_EMPTY_BODY = YES;
				CLANG_WARN_ENUM_CONVERSION = YES;
				CLANG_WARN_INFINITE_RECURSION = YES;
				CLANG_WARN_INT_CONVERSION = YES;
				CLANG_WARN_NON_LITERAL_NULL_CONVERSION = YES;
				CLANG_WARN_OBJC_IMPLICIT_RETAIN_SELF = YES;
				CLANG_WARN_OBJC_LITERAL_CONVERSION = YES;
				CLANG_WARN_OBJC_ROOT_CLASS = YES_ERROR;
				CLANG_WARN_QUOTED_INCLUDE_IN_FRAMEWORK_HEADER = YES;
				CLANG_WARN_RANGE_LOOP_ANALYSIS = YES;
				CLANG_WARN_STRICT_PROTOTYPES = YES;
				CLANG_WARN_SUSPICIOUS_MOVE = YES;
				CLANG_WARN_UNGUARDED_AVAILABILITY = YES_AGGRESSIVE;
				CLANG_WARN_UNREACHABLE_CODE = YES;
				CLANG_WARN__DUPLICATE_METHOD_MATCH = YES;
				COPY_PHASE_STRIP = NO;
				DEBUG_INFORMATION_FORMAT = dwarf;
				ENABLE_STRICT_OBJC_MSGSEND = YES;
				ENABLE_TESTABILITY = YES;
				GCC_C_LANGUAGE_STANDARD = gnu11;
				GCC_DYNAMIC_NO_PIC = NO;
				GCC_NO_COMMON_BLOCKS = YES;
				GCC_OPTIMIZATION_LEVEL = 0;
				GCC_PREPROCESSOR_DEFINITIONS = (
					"DEBUG=1",
					"$(inherited)",
				);
				GCC_WARN_64_TO_32_BIT_CONVERSION = YES;
				GCC_WARN_ABOUT_RETURN_TYPE = YES_ERROR;
				GCC_WARN_UNDECLARED_SELECTOR = YES;
				GCC_WARN_UNINITIALIZED_AUTOS = YES_AGGRESSIVE;
				GCC_WARN_UNUSED_FUNCTION = YES;
				GCC_WARN_UNUSED_VARIABLE = YES;
				IPHONEOS_DEPLOYMENT_TARGET = 14.4;
				MTL_ENABLE_DEBUG_INFO = INCLUDE_SOURCE;
				MTL_FAST_MATH = YES;
				ONLY_ACTIVE_ARCH = YES;
				SDKROOT = iphoneos;
				SWIFT_ACTIVE_COMPILATION_CONDITIONS = DEBUG;
				SWIFT_OPTIMIZATION_LEVEL = "-Onone";
			};
			name = Debug;
		};
		75480C3E271E67340076DE14 /* Release */ = {
			isa = XCBuildConfiguration;
			buildSettings = {
				ALWAYS_SEARCH_USER_PATHS = NO;
				CLANG_ANALYZER_NONNULL = YES;
				CLANG_ANALYZER_NUMBER_OBJECT_CONVERSION = YES_AGGRESSIVE;
				CLANG_CXX_LANGUAGE_STANDARD = "gnu++14";
				CLANG_CXX_LIBRARY = "libc++";
				CLANG_ENABLE_MODULES = YES;
				CLANG_ENABLE_OBJC_ARC = YES;
				CLANG_ENABLE_OBJC_WEAK = YES;
				CLANG_WARN_BLOCK_CAPTURE_AUTORELEASING = YES;
				CLANG_WARN_BOOL_CONVERSION = YES;
				CLANG_WARN_COMMA = YES;
				CLANG_WARN_CONSTANT_CONVERSION = YES;
				CLANG_WARN_DEPRECATED_OBJC_IMPLEMENTATIONS = YES;
				CLANG_WARN_DIRECT_OBJC_ISA_USAGE = YES_ERROR;
				CLANG_WARN_DOCUMENTATION_COMMENTS = YES;
				CLANG_WARN_EMPTY_BODY = YES;
				CLANG_WARN_ENUM_CONVERSION = YES;
				CLANG_WARN_INFINITE_RECURSION = YES;
				CLANG_WARN_INT_CONVERSION = YES;
				CLANG_WARN_NON_LITERAL_NULL_CONVERSION = YES;
				CLANG_WARN_OBJC_IMPLICIT_RETAIN_SELF = YES;
				CLANG_WARN_OBJC_LITERAL_CONVERSION = YES;
				CLANG_WARN_OBJC_ROOT_CLASS = YES_ERROR;
				CLANG_WARN_QUOTED_INCLUDE_IN_FRAMEWORK_HEADER = YES;
				CLANG_WARN_RANGE_LOOP_ANALYSIS = YES;
				CLANG_WARN_STRICT_PROTOTYPES = YES;
				CLANG_WARN_SUSPICIOUS_MOVE = YES;
				CLANG_WARN_UNGUARDED_AVAILABILITY = YES_AGGRESSIVE;
				CLANG_WARN_UNREACHABLE_CODE = YES;
				CLANG_WARN__DUPLICATE_METHOD_MATCH = YES;
				COPY_PHASE_STRIP = NO;
				DEBUG_INFORMATION_FORMAT = "dwarf-with-dsym";
				ENABLE_NS_ASSERTIONS = NO;
				ENABLE_STRICT_OBJC_MSGSEND = YES;
				GCC_C_LANGUAGE_STANDARD = gnu11;
				GCC_NO_COMMON_BLOCKS = YES;
				GCC_WARN_64_TO_32_BIT_CONVERSION = YES;
				GCC_WARN_ABOUT_RETURN_TYPE = YES_ERROR;
				GCC_WARN_UNDECLARED_SELECTOR = YES;
				GCC_WARN_UNINITIALIZED_AUTOS = YES_AGGRESSIVE;
				GCC_WARN_UNUSED_FUNCTION = YES;
				GCC_WARN_UNUSED_VARIABLE = YES;
				IPHONEOS_DEPLOYMENT_TARGET = 14.4;
				MTL_ENABLE_DEBUG_INFO = NO;
				MTL_FAST_MATH = YES;
				SDKROOT = iphoneos;
				SWIFT_COMPILATION_MODE = wholemodule;
				SWIFT_OPTIMIZATION_LEVEL = "-O";
				VALIDATE_PRODUCT = YES;
			};
			name = Release;
		};
		75480C40271E67340076DE14 /* Debug */ = {
			isa = XCBuildConfiguration;
			buildSettings = {
				ASSETCATALOG_COMPILER_APPICON_NAME = AppIcon;
				ASSETCATALOG_COMPILER_GLOBAL_ACCENT_COLOR_NAME = AccentColor;
				CODE_SIGN_STYLE = Automatic;
				DEVELOPMENT_TEAM = Z9N2TD73TY;
				INFOPLIST_FILE = AjaibPokemonProject/Info.plist;
				LD_RUNPATH_SEARCH_PATHS = (
					"$(inherited)",
					"@executable_path/Frameworks",
				);
				PRODUCT_BUNDLE_IDENTIFIER = projectnomana.AjaibPokemonProject;
				PRODUCT_NAME = "$(TARGET_NAME)";
				SWIFT_VERSION = 5.0;
				TARGETED_DEVICE_FAMILY = "1,2";
			};
			name = Debug;
		};
		75480C41271E67340076DE14 /* Release */ = {
			isa = XCBuildConfiguration;
			buildSettings = {
				ASSETCATALOG_COMPILER_APPICON_NAME = AppIcon;
				ASSETCATALOG_COMPILER_GLOBAL_ACCENT_COLOR_NAME = AccentColor;
				CODE_SIGN_STYLE = Automatic;
				DEVELOPMENT_TEAM = Z9N2TD73TY;
				INFOPLIST_FILE = AjaibPokemonProject/Info.plist;
				LD_RUNPATH_SEARCH_PATHS = (
					"$(inherited)",
					"@executable_path/Frameworks",
				);
				PRODUCT_BUNDLE_IDENTIFIER = projectnomana.AjaibPokemonProject;
				PRODUCT_NAME = "$(TARGET_NAME)";
				SWIFT_VERSION = 5.0;
				TARGETED_DEVICE_FAMILY = "1,2";
			};
			name = Release;
		};
/* End XCBuildConfiguration section */

/* Begin XCConfigurationList section */
		75480C26271E67330076DE14 /* Build configuration list for PBXProject "AjaibPokemonProject" */ = {
			isa = XCConfigurationList;
			buildConfigurations = (
				75480C3D271E67340076DE14 /* Debug */,
				75480C3E271E67340076DE14 /* Release */,
			);
			defaultConfigurationIsVisible = 0;
			defaultConfigurationName = Release;
		};
		75480C3F271E67340076DE14 /* Build configuration list for PBXNativeTarget "AjaibPokemonProject" */ = {
			isa = XCConfigurationList;
			buildConfigurations = (
				75480C40271E67340076DE14 /* Debug */,
				75480C41271E67340076DE14 /* Release */,
			);
			defaultConfigurationIsVisible = 0;
			defaultConfigurationName = Release;
		};
/* End XCConfigurationList section */
	};
	rootObject = 75480C23271E67330076DE14 /* Project object */;
}
